PODS:
  - DSObject (0.1.0)
  - Expecta (1.0.5)
  - Specta (1.0.6)

DEPENDENCIES:
  - DSObject (from `../`)
  - Expecta
  - Specta

EXTERNAL SOURCES:
  DSObject:
    :path: "../"

SPEC CHECKSUMS:
  DSObject: cc9a2777d2c5b05eb5df452a49fe1c17c456bae2
  Expecta: e1c022fcd33910b6be89c291d2775b3fe27a89fe
  Specta: f506f3a8361de16bc0dcf3b17b75e269072ba465

PODFILE CHECKSUM: 50e1f014ae2eba6cda90cab44957fa828f018b85

COCOAPODS: 1.0.1
